
Microsoft Visual Studio Solution File, Format Version 12.00
# Visual Studio Version 17
VisualStudioVersion = 17.5.33414.496
MinimumVisualStudioVersion = 10.0.40219.1
Project("{FAE04EC0-301F-11D3-BF4B-00C04F79EFBC}") = "Arrays, Lists, and Collections", "Arrays, Lists, and Collections\Arrays, Lists, and Collections.csproj", "{96321AEC-4FC1-4518-94B1-57F049D322AF}"
EndProject
Global
	GlobalSection(SolutionConfigurationPlatforms) = preSolution
		Debug|Any CPU = Debug|Any CPU
		Release|Any CPU = Release|Any CPU
	EndGlobalSection
	GlobalSection(ProjectConfigurationPlatforms) = postSolution
		{96321AEC-4FC1-4518-94B1-57F049D322AF}.Debug|Any CPU.ActiveCfg = Debug|Any CPU
		{96321AEC-4FC1-4518-94B1-57F049D322AF}.Debug|Any CPU.Build.0 = Debug|Any CPU
		{96321AEC-4FC1-4518-94B1-57F049D322AF}.Release|Any CPU.ActiveCfg = Release|Any CPU
		{96321AEC-4FC1-4518-94B1-57F049D322AF}.Release|Any CPU.Build.0 = Release|Any CPU
	EndGlobalSection
	GlobalSection(SolutionProperties) = preSolution
		HideSolutionNode = FALSE
	EndGlobalSection
	GlobalSection(ExtensibilityGlobals) = postSolution
		SolutionGuid = {605C533D-C182-4C41-86BF-29D2C06C268D}
	EndGlobalSection
EndGlobal
