
Microsoft Visual Studio Solution File, Format Version 12.00
# Visual Studio Version 17
VisualStudioVersion = 17.5.33414.496
MinimumVisualStudioVersion = 10.0.40219.1
Project("{FAE04EC0-301F-11D3-BF4B-00C04F79EFBC}") = "Numbers and Integers Math", "Numbers and Integers Math\Numbers and Integers Math.csproj", "{0A8B5310-67AD-4793-BBEC-2A581C33E5AD}"
EndProject
Global
	GlobalSection(SolutionConfigurationPlatforms) = preSolution
		Debug|Any CPU = Debug|Any CPU
		Release|Any CPU = Release|Any CPU
	EndGlobalSection
	GlobalSection(ProjectConfigurationPlatforms) = postSolution
		{0A8B5310-67AD-4793-BBEC-2A581C33E5AD}.Debug|Any CPU.ActiveCfg = Debug|Any CPU
		{0A8B5310-67AD-4793-BBEC-2A581C33E5AD}.Debug|Any CPU.Build.0 = Debug|Any CPU
		{0A8B5310-67AD-4793-BBEC-2A581C33E5AD}.Release|Any CPU.ActiveCfg = Release|Any CPU
		{0A8B5310-67AD-4793-BBEC-2A581C33E5AD}.Release|Any CPU.Build.0 = Release|Any CPU
	EndGlobalSection
	GlobalSection(SolutionProperties) = preSolution
		HideSolutionNode = FALSE
	EndGlobalSection
	GlobalSection(ExtensibilityGlobals) = postSolution
		SolutionGuid = {068C310D-775F-44A2-AA6D-C4C53CF6FAFB}
	EndGlobalSection
EndGlobal
