
Microsoft Visual Studio Solution File, Format Version 12.00
# Visual Studio Version 17
VisualStudioVersion = 17.5.33414.496
MinimumVisualStudioVersion = 10.0.40219.1
Project("{FAE04EC0-301F-11D3-BF4B-00C04F79EFBC}") = "Sort, Search and Index Lists", "Sort, Search and Index Lists\Sort, Search and Index Lists.csproj", "{D498DF83-4E92-4162-BC1E-BEFC9C07C252}"
EndProject
Global
	GlobalSection(SolutionConfigurationPlatforms) = preSolution
		Debug|Any CPU = Debug|Any CPU
		Release|Any CPU = Release|Any CPU
	EndGlobalSection
	GlobalSection(ProjectConfigurationPlatforms) = postSolution
		{D498DF83-4E92-4162-BC1E-BEFC9C07C252}.Debug|Any CPU.ActiveCfg = Debug|Any CPU
		{D498DF83-4E92-4162-BC1E-BEFC9C07C252}.Debug|Any CPU.Build.0 = Debug|Any CPU
		{D498DF83-4E92-4162-BC1E-BEFC9C07C252}.Release|Any CPU.ActiveCfg = Release|Any CPU
		{D498DF83-4E92-4162-BC1E-BEFC9C07C252}.Release|Any CPU.Build.0 = Release|Any CPU
	EndGlobalSection
	GlobalSection(SolutionProperties) = preSolution
		HideSolutionNode = FALSE
	EndGlobalSection
	GlobalSection(ExtensibilityGlobals) = postSolution
		SolutionGuid = {A4702365-03FE-4309-AD62-E3CFC3F0D2FE}
	EndGlobalSection
EndGlobal
